{
  "version": 4,
  "terraform_version": "1.7.4",
  "serial": 41,
  "lineage": "288d9b1d-a1f4-9a07-caa8-d8a645e2866d",
  "outputs": {},
  "resources": [
    {
      "mode": "managed",
      "type": "azurerm_network_interface",
      "name": "Interface_Space",
      "provider": "provider[\"registry.terraform.io/hashicorp/azurerm\"]",
      "instances": [
        {
          "schema_version": 0,
          "attributes": {
            "applied_dns_servers": [],
            "dns_servers": [],
            "edge_zone": "",
            "enable_accelerated_networking": false,
            "enable_ip_forwarding": false,
            "id": "/subscriptions/881c578e-d774-490c-a7fc-f47557a53824/resourceGroups/bestresource-resources/providers/Microsoft.Network/networkInterfaces/interfacespace",
            "internal_dns_name_label": "",
            "internal_domain_name_suffix": "a4xpdmwayfmudfhommglitz5le.bx.internal.cloudapp.net",
            "ip_configuration": [
              {
                "gateway_load_balancer_frontend_ip_configuration_id": "",
                "name": "ipconfig",
                "primary": true,
                "private_ip_address": "10.0.2.4",
                "private_ip_address_allocation": "Dynamic",
                "private_ip_address_version": "IPv4",
                "public_ip_address_id": "",
                "subnet_id": "/subscriptions/881c578e-d774-490c-a7fc-f47557a53824/resourceGroups/bestresource-resources/providers/Microsoft.Network/virtualNetworks/vmachinedz/subnets/subnetspace"
              }
            ],
            "location": "eastus",
            "mac_address": "00-22-48-21-41-E1",
            "name": "interfacespace",
            "private_ip_address": "10.0.2.4",
            "private_ip_addresses": [
              "10.0.2.4"
            ],
            "resource_group_name": "bestresource-resources",
            "tags": {},
            "timeouts": null,
            "virtual_machine_id": "/subscriptions/881c578e-d774-490c-a7fc-f47557a53824/resourceGroups/bestresource-resources/providers/Microsoft.Compute/virtualMachines/vmspace"
          },
          "sensitive_attributes": [],
          "private": "eyJlMmJmYjczMC1lY2FhLTExZTYtOGY4OC0zNDM2M2JjN2M0YzAiOnsiY3JlYXRlIjoxODAwMDAwMDAwMDAwLCJkZWxldGUiOjE4MDAwMDAwMDAwMDAsInJlYWQiOjMwMDAwMDAwMDAwMCwidXBkYXRlIjoxODAwMDAwMDAwMDAwfX0=",
          "dependencies": [
            "azurerm_resource_group.Sample_Resource",
            "azurerm_subnet.Subnet",
            "azurerm_virtual_network.Virtual_Machine_main"
          ]
        }
      ]
    },
    {
      "mode": "managed",
      "type": "azurerm_resource_group",
      "name": "Sample_Resource",
      "provider": "provider[\"registry.terraform.io/hashicorp/azurerm\"]",
      "instances": [
        {
          "schema_version": 0,
          "attributes": {
            "id": "/subscriptions/881c578e-d774-490c-a7fc-f47557a53824/resourceGroups/bestresource-resources",
            "location": "eastus",
            "name": "bestresource-resources",
            "tags": {},
            "timeouts": null
          },
          "sensitive_attributes": [],
          "private": "eyJlMmJmYjczMC1lY2FhLTExZTYtOGY4OC0zNDM2M2JjN2M0YzAiOnsiY3JlYXRlIjo1NDAwMDAwMDAwMDAwLCJkZWxldGUiOjU0MDAwMDAwMDAwMDAsInJlYWQiOjMwMDAwMDAwMDAwMCwidXBkYXRlIjo1NDAwMDAwMDAwMDAwfX0="
        }
      ]
    },
    {
      "mode": "managed",
      "type": "azurerm_storage_account",
      "name": "Storage_Account",
      "provider": "provider[\"registry.terraform.io/hashicorp/azurerm\"]",
      "instances": [
        {
          "schema_version": 3,
          "attributes": {
            "access_tier": "Hot",
            "account_kind": "StorageV2",
            "account_replication_type": "GRS",
            "account_tier": "Standard",
            "allow_nested_items_to_be_public": true,
            "azure_files_authentication": [],
            "blob_properties": [
              {
                "change_feed_enabled": false,
                "container_delete_retention_policy": [],
                "cors_rule": [],
                "default_service_version": "",
                "delete_retention_policy": [],
                "last_access_time_enabled": false,
                "versioning_enabled": false
              }
            ],
            "custom_domain": [],
            "customer_managed_key": [],
            "edge_zone": "",
            "enable_https_traffic_only": true,
            "id": "/subscriptions/881c578e-d774-490c-a7fc-f47557a53824/resourceGroups/bestresource-resources/providers/Microsoft.Storage/storageAccounts/mystreaccount",
            "identity": [],
            "infrastructure_encryption_enabled": false,
            "is_hns_enabled": false,
            "large_file_share_enabled": null,
            "location": "eastus",
            "min_tls_version": "TLS1_2",
            "name": "mystreaccount",
            "network_rules": [
              {
                "bypass": [
                  "AzureServices"
                ],
                "default_action": "Allow",
                "ip_rules": [],
                "private_link_access": [],
                "virtual_network_subnet_ids": []
              }
            ],
            "nfsv3_enabled": false,
            "primary_access_key": "WJ4HXMuMvt/2A8RkM3x9aVDwuqRivB7zLNFP99U6D0J7fY8Zp98xC1cgYuXuN8+EoyZn6h6c3VuY+AStB/bj2Q==",
            "primary_blob_connection_string": "DefaultEndpointsProtocol=https;BlobEndpoint=https://mystreaccount.blob.core.windows.net/;AccountName=mystreaccount;AccountKey=WJ4HXMuMvt/2A8RkM3x9aVDwuqRivB7zLNFP99U6D0J7fY8Zp98xC1cgYuXuN8+EoyZn6h6c3VuY+AStB/bj2Q==",
            "primary_blob_endpoint": "https://mystreaccount.blob.core.windows.net/",
            "primary_blob_host": "mystreaccount.blob.core.windows.net",
            "primary_connection_string": "DefaultEndpointsProtocol=https;AccountName=mystreaccount;AccountKey=WJ4HXMuMvt/2A8RkM3x9aVDwuqRivB7zLNFP99U6D0J7fY8Zp98xC1cgYuXuN8+EoyZn6h6c3VuY+AStB/bj2Q==;EndpointSuffix=core.windows.net",
            "primary_dfs_endpoint": "https://mystreaccount.dfs.core.windows.net/",
            "primary_dfs_host": "mystreaccount.dfs.core.windows.net",
            "primary_file_endpoint": "https://mystreaccount.file.core.windows.net/",
            "primary_file_host": "mystreaccount.file.core.windows.net",
            "primary_location": "eastus",
            "primary_queue_endpoint": "https://mystreaccount.queue.core.windows.net/",
            "primary_queue_host": "mystreaccount.queue.core.windows.net",
            "primary_table_endpoint": "https://mystreaccount.table.core.windows.net/",
            "primary_table_host": "mystreaccount.table.core.windows.net",
            "primary_web_endpoint": "https://mystreaccount.z13.web.core.windows.net/",
            "primary_web_host": "mystreaccount.z13.web.core.windows.net",
            "queue_encryption_key_type": "Service",
            "queue_properties": [
              {
                "cors_rule": [],
                "hour_metrics": [
                  {
                    "enabled": true,
                    "include_apis": true,
                    "retention_policy_days": 7,
                    "version": "1.0"
                  }
                ],
                "logging": [
                  {
                    "delete": false,
                    "read": false,
                    "retention_policy_days": 0,
                    "version": "1.0",
                    "write": false
                  }
                ],
                "minute_metrics": [
                  {
                    "enabled": false,
                    "include_apis": false,
                    "retention_policy_days": 0,
                    "version": "1.0"
                  }
                ]
              }
            ],
            "resource_group_name": "bestresource-resources",
            "routing": [],
            "secondary_access_key": "hErmnZn+68zqizXRO4XjNsoOv6Pun4B2vIWfCcoEaf4C/LM8C6p8/up81NVYSchemV7ot4knshId+AStg+IZkA==",
            "secondary_blob_connection_string": "",
            "secondary_blob_endpoint": null,
            "secondary_blob_host": null,
            "secondary_connection_string": "DefaultEndpointsProtocol=https;AccountName=mystreaccount;AccountKey=hErmnZn+68zqizXRO4XjNsoOv6Pun4B2vIWfCcoEaf4C/LM8C6p8/up81NVYSchemV7ot4knshId+AStg+IZkA==;EndpointSuffix=core.windows.net",
            "secondary_dfs_endpoint": null,
            "secondary_dfs_host": null,
            "secondary_file_endpoint": null,
            "secondary_file_host": null,
            "secondary_location": "westus",
            "secondary_queue_endpoint": null,
            "secondary_queue_host": null,
            "secondary_table_endpoint": null,
            "secondary_table_host": null,
            "secondary_web_endpoint": null,
            "secondary_web_host": null,
            "share_properties": [
              {
                "cors_rule": [],
                "retention_policy": [
                  {
                    "days": 7
                  }
                ],
                "smb": []
              }
            ],
            "shared_access_key_enabled": true,
            "static_website": [],
            "table_encryption_key_type": "Service",
            "tags": {
              "environment": "staging"
            },
            "timeouts": null
          },
          "sensitive_attributes": [],
          "private": "eyJlMmJmYjczMC1lY2FhLTExZTYtOGY4OC0zNDM2M2JjN2M0YzAiOnsiY3JlYXRlIjozNjAwMDAwMDAwMDAwLCJkZWxldGUiOjM2MDAwMDAwMDAwMDAsInJlYWQiOjMwMDAwMDAwMDAwMCwidXBkYXRlIjozNjAwMDAwMDAwMDAwfSwic2NoZW1hX3ZlcnNpb24iOiIzIn0=",
          "dependencies": [
            "azurerm_resource_group.Sample_Resource"
          ]
        }
      ]
    },
    {
      "mode": "managed",
      "type": "azurerm_storage_blob",
      "name": "Blob",
      "provider": "provider[\"registry.terraform.io/hashicorp/azurerm\"]",
      "instances": [
        {
          "schema_version": 1,
          "attributes": {
            "access_tier": "Hot",
            "cache_control": "",
            "content_md5": "",
            "content_type": "application/octet-stream",
            "id": "https://mystreaccount.blob.core.windows.net/submanagercontainer/files.zip",
            "metadata": {},
            "name": "files.zip",
            "parallelism": 8,
            "size": 0,
            "source": "sample.zip",
            "source_content": null,
            "source_uri": null,
            "storage_account_name": "mystreaccount",
            "storage_container_name": "submanagercontainer",
            "timeouts": null,
            "type": "Block",
            "url": "https://mystreaccount.blob.core.windows.net/submanagercontainer/files.zip"
          },
          "sensitive_attributes": [],
          "private": "eyJlMmJmYjczMC1lY2FhLTExZTYtOGY4OC0zNDM2M2JjN2M0YzAiOnsiY3JlYXRlIjoxODAwMDAwMDAwMDAwLCJkZWxldGUiOjE4MDAwMDAwMDAwMDAsInJlYWQiOjMwMDAwMDAwMDAwMCwidXBkYXRlIjoxODAwMDAwMDAwMDAwfSwic2NoZW1hX3ZlcnNpb24iOiIxIn0=",
          "dependencies": [
            "azurerm_resource_group.Sample_Resource",
            "azurerm_storage_account.Storage_Account",
            "azurerm_storage_container.Storage_Container"
          ]
        }
      ]
    },
    {
      "mode": "managed",
      "type": "azurerm_storage_container",
      "name": "Storage_Container",
      "provider": "provider[\"registry.terraform.io/hashicorp/azurerm\"]",
      "instances": [
        {
          "schema_version": 1,
          "attributes": {
            "container_access_type": "private",
            "has_immutability_policy": false,
            "has_legal_hold": false,
            "id": "https://mystreaccount.blob.core.windows.net/submanagercontainer",
            "metadata": {},
            "name": "submanagercontainer",
            "resource_manager_id": "/subscriptions/881c578e-d774-490c-a7fc-f47557a53824/resourceGroups/bestresource-resources/providers/Microsoft.Storage/storageAccounts/mystreaccount/blobServices/default/containers/submanagercontainer",
            "storage_account_name": "mystreaccount",
            "timeouts": null
          },
          "sensitive_attributes": [],
          "private": "eyJlMmJmYjczMC1lY2FhLTExZTYtOGY4OC0zNDM2M2JjN2M0YzAiOnsiY3JlYXRlIjoxODAwMDAwMDAwMDAwLCJkZWxldGUiOjE4MDAwMDAwMDAwMDAsInJlYWQiOjMwMDAwMDAwMDAwMCwidXBkYXRlIjoxODAwMDAwMDAwMDAwfSwic2NoZW1hX3ZlcnNpb24iOiIxIn0=",
          "dependencies": [
            "azurerm_resource_group.Sample_Resource",
            "azurerm_storage_account.Storage_Account"
          ]
        }
      ]
    },
    {
      "mode": "managed",
      "type": "azurerm_subnet",
      "name": "Subnet",
      "provider": "provider[\"registry.terraform.io/hashicorp/azurerm\"]",
      "instances": [
        {
          "schema_version": 0,
          "attributes": {
            "address_prefixes": [
              "10.0.2.0/24"
            ],
            "delegation": [],
            "enforce_private_link_endpoint_network_policies": false,
            "enforce_private_link_service_network_policies": false,
            "id": "/subscriptions/881c578e-d774-490c-a7fc-f47557a53824/resourceGroups/bestresource-resources/providers/Microsoft.Network/virtualNetworks/vmachinedz/subnets/subnetspace",
            "name": "subnetspace",
            "resource_group_name": "bestresource-resources",
            "service_endpoint_policy_ids": [],
            "service_endpoints": [],
            "timeouts": null,
            "virtual_network_name": "vmachinedz"
          },
          "sensitive_attributes": [],
          "private": "eyJlMmJmYjczMC1lY2FhLTExZTYtOGY4OC0zNDM2M2JjN2M0YzAiOnsiY3JlYXRlIjoxODAwMDAwMDAwMDAwLCJkZWxldGUiOjE4MDAwMDAwMDAwMDAsInJlYWQiOjMwMDAwMDAwMDAwMCwidXBkYXRlIjoxODAwMDAwMDAwMDAwfX0=",
          "dependencies": [
            "azurerm_resource_group.Sample_Resource",
            "azurerm_virtual_network.Virtual_Machine_main"
          ]
        }
      ]
    },
    {
      "mode": "managed",
      "type": "azurerm_virtual_network",
      "name": "Virtual_Machine_main",
      "provider": "provider[\"registry.terraform.io/hashicorp/azurerm\"]",
      "instances": [
        {
          "schema_version": 0,
          "attributes": {
            "address_space": [
              "10.0.0.0/16"
            ],
            "bgp_community": "",
            "ddos_protection_plan": [],
            "dns_servers": [],
            "edge_zone": "",
            "flow_timeout_in_minutes": 0,
            "guid": "b2f1ae07-c1c0-4159-94ee-630cb44f3f5c",
            "id": "/subscriptions/881c578e-d774-490c-a7fc-f47557a53824/resourceGroups/bestresource-resources/providers/Microsoft.Network/virtualNetworks/vmachinedz",
            "location": "eastus",
            "name": "vmachinedz",
            "resource_group_name": "bestresource-resources",
            "subnet": [
              {
                "address_prefix": "10.0.2.0/24",
                "id": "/subscriptions/881c578e-d774-490c-a7fc-f47557a53824/resourceGroups/bestresource-resources/providers/Microsoft.Network/virtualNetworks/vmachinedz/subnets/subnetspace",
                "name": "subnetspace",
                "security_group": ""
              }
            ],
            "tags": {},
            "timeouts": null
          },
          "sensitive_attributes": [],
          "private": "eyJlMmJmYjczMC1lY2FhLTExZTYtOGY4OC0zNDM2M2JjN2M0YzAiOnsiY3JlYXRlIjoxODAwMDAwMDAwMDAwLCJkZWxldGUiOjE4MDAwMDAwMDAwMDAsInJlYWQiOjMwMDAwMDAwMDAwMCwidXBkYXRlIjoxODAwMDAwMDAwMDAwfX0=",
          "dependencies": [
            "azurerm_resource_group.Sample_Resource"
          ]
        }
      ]
    },
    {
      "mode": "managed",
      "type": "azurerm_windows_virtual_machine",
      "name": "Virtual_Machine_Space",
      "provider": "provider[\"registry.terraform.io/hashicorp/azurerm\"]",
      "instances": [
        {
          "schema_version": 0,
          "attributes": {
            "additional_capabilities": [],
            "additional_unattend_content": [],
            "admin_password": "Vmc@6678",
            "admin_username": "vamshi",
            "allow_extension_operations": true,
            "availability_set_id": "",
            "boot_diagnostics": [],
            "computer_name": "vmspace",
            "custom_data": null,
            "dedicated_host_group_id": "",
            "dedicated_host_id": "",
            "edge_zone": "",
            "enable_automatic_updates": true,
            "encryption_at_host_enabled": false,
            "eviction_policy": "",
            "extensions_time_budget": "PT1H30M",
            "hotpatching_enabled": false,
            "id": "/subscriptions/881c578e-d774-490c-a7fc-f47557a53824/resourceGroups/bestresource-resources/providers/Microsoft.Compute/virtualMachines/vmspace",
            "identity": [],
            "license_type": "",
            "location": "eastus",
            "max_bid_price": -1,
            "name": "vmspace",
            "network_interface_ids": [
              "/subscriptions/881c578e-d774-490c-a7fc-f47557a53824/resourceGroups/bestresource-resources/providers/Microsoft.Network/networkInterfaces/interfacespace"
            ],
            "os_disk": [
              {
                "caching": "ReadWrite",
                "diff_disk_settings": [],
                "disk_encryption_set_id": "",
                "disk_size_gb": 127,
                "name": "vmspace_OsDisk_1_7453f7ce78a64ca88c942c243787fd56",
                "storage_account_type": "Standard_LRS",
                "write_accelerator_enabled": false
              }
            ],
            "patch_mode": "AutomaticByOS",
            "plan": [],
            "platform_fault_domain": -1,
            "priority": "Regular",
            "private_ip_address": "10.0.2.4",
            "private_ip_addresses": [
              "10.0.2.4"
            ],
            "provision_vm_agent": true,
            "proximity_placement_group_id": "",
            "public_ip_address": "",
            "public_ip_addresses": [],
            "resource_group_name": "bestresource-resources",
            "secret": [],
            "secure_boot_enabled": false,
            "size": "Standard_F2",
            "source_image_id": "",
            "source_image_reference": [
              {
                "offer": "WindowsServer",
                "publisher": "MicrosoftWindowsServer",
                "sku": "2016-Datacenter",
                "version": "latest"
              }
            ],
            "tags": {},
            "termination_notification": [],
            "timeouts": null,
            "timezone": "",
            "user_data": "",
            "virtual_machine_id": "d048166a-8440-4a65-a755-733c10aa586f",
            "virtual_machine_scale_set_id": "",
            "vtpm_enabled": false,
            "winrm_listener": [],
            "zone": ""
          },
          "sensitive_attributes": [],
          "private": "eyJlMmJmYjczMC1lY2FhLTExZTYtOGY4OC0zNDM2M2JjN2M0YzAiOnsiY3JlYXRlIjoyNzAwMDAwMDAwMDAwLCJkZWxldGUiOjI3MDAwMDAwMDAwMDAsInJlYWQiOjMwMDAwMDAwMDAwMCwidXBkYXRlIjoyNzAwMDAwMDAwMDAwfX0=",
          "dependencies": [
            "azurerm_network_interface.Interface_Space",
            "azurerm_resource_group.Sample_Resource",
            "azurerm_subnet.Subnet",
            "azurerm_virtual_network.Virtual_Machine_main"
          ]
        }
      ]
    }
  ],
  "check_results": null
}
